
Microsoft Visual Studio Solution File, Format Version 12.00
# Visual Studio Version 17
VisualStudioVersion = 17.9.34728.123
MinimumVisualStudioVersion = 10.0.40219.1
Project("{FAE04EC0-301F-11D3-BF4B-00C04F79EFBC}") = "WebApiExam", "WebApiExam\WebApiExam.csproj", "{3D93676E-097C-463B-9007-7150BE15998C}"
EndProject
Global
	GlobalSection(SolutionConfigurationPlatforms) = preSolution
		Debug|Any CPU = Debug|Any CPU
		Release|Any CPU = Release|Any CPU
	EndGlobalSection
	GlobalSection(ProjectConfigurationPlatforms) = postSolution
		{3D93676E-097C-463B-9007-7150BE15998C}.Debug|Any CPU.ActiveCfg = Debug|Any CPU
		{3D93676E-097C-463B-9007-7150BE15998C}.Debug|Any CPU.Build.0 = Debug|Any CPU
		{3D93676E-097C-463B-9007-7150BE15998C}.Release|Any CPU.ActiveCfg = Release|Any CPU
		{3D93676E-097C-463B-9007-7150BE15998C}.Release|Any CPU.Build.0 = Release|Any CPU
	EndGlobalSection
	GlobalSection(SolutionProperties) = preSolution
		HideSolutionNode = FALSE
	EndGlobalSection
	GlobalSection(ExtensibilityGlobals) = postSolution
		SolutionGuid = {9771B5E2-AAFC-41CE-B09A-43737752A380}
	EndGlobalSection
EndGlobal
